
Microsoft Visual Studio Solution File, Format Version 12.00
# Visual Studio 15
VisualStudioVersion = 15.0.28307.271
MinimumVisualStudioVersion = 10.0.40219.1
Project("{FAE04EC0-301F-11D3-BF4B-00C04F79EFBC}") = "WpfResumeBrowsingSystem", "WpfResumeBrowsingSystem\WpfResumeBrowsingSystem.csproj", "{DFD799DD-E9B1-44EC-B4EA-8560E3C77391}"
EndProject
Project("{FAE04EC0-301F-11D3-BF4B-00C04F79EFBC}") = "WpfResumeBrowsingSystem.DBL", "WpfResumeBrowsingSystem.DBL\WpfResumeBrowsingSystem.DBL.csproj", "{24505B2B-0447-431D-A788-2CD8927037C5}"
EndProject
Project("{9A19103F-16F7-4668-BE54-9A1E7A4F7556}") = "WpfResumeBrowsingSystem.WebApi", "WpfResumeBrowsingSystem.WebApi\WpfResumeBrowsingSystem.WebApi.csproj", "{F7A86DE5-5E44-4B93-AF29-36EE88FB61B9}"
EndProject
Project("{9A19103F-16F7-4668-BE54-9A1E7A4F7556}") = "WpfResumeBrowsingSystem.Domain", "WpfResumeBrowsingSystem.Domain\WpfResumeBrowsingSystem.Domain.csproj", "{E39D90C7-B633-457F-A44D-50E9712CE5F7}"
EndProject
Project("{2150E333-8FDC-42A3-9474-1A3956D46DE8}") = "Solution Items", "Solution Items", "{09FFF0EC-C586-4CB2-9D36-C0328E2ED4E8}"
	ProjectSection(SolutionItems) = preProject
		README.md = README.md
	EndProjectSection
EndProject
Project("{2150E333-8FDC-42A3-9474-1A3956D46DE8}") = "Client", "Client", "{C46650C2-DC25-4103-8657-8187B62B6002}"
EndProject
Project("{2150E333-8FDC-42A3-9474-1A3956D46DE8}") = "Server", "Server", "{8D505E88-1046-487A-B0EA-1ED1C7411303}"
EndProject
Project("{9A19103F-16F7-4668-BE54-9A1E7A4F7556}") = "WpfResumeBrowsingSystem.WebTests", "WpfResumeBrowsingSystem.WebTests\WpfResumeBrowsingSystem.WebTests.csproj", "{7CBEC500-FF5F-435E-BCEF-00CF84423C1D}"
EndProject
Global
	GlobalSection(SolutionConfigurationPlatforms) = preSolution
		Debug|Any CPU = Debug|Any CPU
		Release|Any CPU = Release|Any CPU
	EndGlobalSection
	GlobalSection(ProjectConfigurationPlatforms) = postSolution
		{DFD799DD-E9B1-44EC-B4EA-8560E3C77391}.Debug|Any CPU.ActiveCfg = Debug|Any CPU
		{DFD799DD-E9B1-44EC-B4EA-8560E3C77391}.Debug|Any CPU.Build.0 = Debug|Any CPU
		{DFD799DD-E9B1-44EC-B4EA-8560E3C77391}.Release|Any CPU.ActiveCfg = Release|Any CPU
		{DFD799DD-E9B1-44EC-B4EA-8560E3C77391}.Release|Any CPU.Build.0 = Release|Any CPU
		{24505B2B-0447-431D-A788-2CD8927037C5}.Debug|Any CPU.ActiveCfg = Debug|Any CPU
		{24505B2B-0447-431D-A788-2CD8927037C5}.Debug|Any CPU.Build.0 = Debug|Any CPU
		{24505B2B-0447-431D-A788-2CD8927037C5}.Release|Any CPU.ActiveCfg = Release|Any CPU
		{24505B2B-0447-431D-A788-2CD8927037C5}.Release|Any CPU.Build.0 = Release|Any CPU
		{F7A86DE5-5E44-4B93-AF29-36EE88FB61B9}.Debug|Any CPU.ActiveCfg = Debug|Any CPU
		{F7A86DE5-5E44-4B93-AF29-36EE88FB61B9}.Debug|Any CPU.Build.0 = Debug|Any CPU
		{F7A86DE5-5E44-4B93-AF29-36EE88FB61B9}.Release|Any CPU.ActiveCfg = Release|Any CPU
		{F7A86DE5-5E44-4B93-AF29-36EE88FB61B9}.Release|Any CPU.Build.0 = Release|Any CPU
		{E39D90C7-B633-457F-A44D-50E9712CE5F7}.Debug|Any CPU.ActiveCfg = Debug|Any CPU
		{E39D90C7-B633-457F-A44D-50E9712CE5F7}.Debug|Any CPU.Build.0 = Debug|Any CPU
		{E39D90C7-B633-457F-A44D-50E9712CE5F7}.Release|Any CPU.ActiveCfg = Release|Any CPU
		{E39D90C7-B633-457F-A44D-50E9712CE5F7}.Release|Any CPU.Build.0 = Release|Any CPU
		{7CBEC500-FF5F-435E-BCEF-00CF84423C1D}.Debug|Any CPU.ActiveCfg = Debug|Any CPU
		{7CBEC500-FF5F-435E-BCEF-00CF84423C1D}.Debug|Any CPU.Build.0 = Debug|Any CPU
		{7CBEC500-FF5F-435E-BCEF-00CF84423C1D}.Release|Any CPU.ActiveCfg = Release|Any CPU
		{7CBEC500-FF5F-435E-BCEF-00CF84423C1D}.Release|Any CPU.Build.0 = Release|Any CPU
	EndGlobalSection
	GlobalSection(SolutionProperties) = preSolution
		HideSolutionNode = FALSE
	EndGlobalSection
	GlobalSection(NestedProjects) = preSolution
		{DFD799DD-E9B1-44EC-B4EA-8560E3C77391} = {C46650C2-DC25-4103-8657-8187B62B6002}
		{24505B2B-0447-431D-A788-2CD8927037C5} = {C46650C2-DC25-4103-8657-8187B62B6002}
		{F7A86DE5-5E44-4B93-AF29-36EE88FB61B9} = {8D505E88-1046-487A-B0EA-1ED1C7411303}
		{E39D90C7-B633-457F-A44D-50E9712CE5F7} = {8D505E88-1046-487A-B0EA-1ED1C7411303}
		{7CBEC500-FF5F-435E-BCEF-00CF84423C1D} = {8D505E88-1046-487A-B0EA-1ED1C7411303}
	EndGlobalSection
	GlobalSection(ExtensibilityGlobals) = postSolution
		SolutionGuid = {FD4F1C3A-7619-4351-B35E-C495FCB4AE23}
	EndGlobalSection
EndGlobal
